
Microsoft Visual Studio Solution File, Format Version 12.00
# Visual Studio Version 16
VisualStudioVersion = 16.0.31911.196
MinimumVisualStudioVersion = 10.0.40219.1
Project("{FAE04EC0-301F-11D3-BF4B-00C04F79EFBC}") = "SB_HomeWork2", "SB_HomeWork2\SB_HomeWork2.csproj", "{930F0A91-049A-4E28-8B52-3D2F6C0AE05D}"
EndProject
Global
	GlobalSection(SolutionConfigurationPlatforms) = preSolution
		Debug|Any CPU = Debug|Any CPU
		Release|Any CPU = Release|Any CPU
	EndGlobalSection
	GlobalSection(ProjectConfigurationPlatforms) = postSolution
		{930F0A91-049A-4E28-8B52-3D2F6C0AE05D}.Debug|Any CPU.ActiveCfg = Debug|Any CPU
		{930F0A91-049A-4E28-8B52-3D2F6C0AE05D}.Debug|Any CPU.Build.0 = Debug|Any CPU
		{930F0A91-049A-4E28-8B52-3D2F6C0AE05D}.Release|Any CPU.ActiveCfg = Release|Any CPU
		{930F0A91-049A-4E28-8B52-3D2F6C0AE05D}.Release|Any CPU.Build.0 = Release|Any CPU
	EndGlobalSection
	GlobalSection(SolutionProperties) = preSolution
		HideSolutionNode = FALSE
	EndGlobalSection
	GlobalSection(ExtensibilityGlobals) = postSolution
		SolutionGuid = {B8ABF275-FB05-4815-88B9-EFA218D6DEE6}
	EndGlobalSection
EndGlobal
